
Microsoft Visual Studio Solution File, Format Version 12.00
# Visual Studio 2013
VisualStudioVersion = 12.0.30723.0
MinimumVisualStudioVersion = 10.0.40219.1
Project("{FAE04EC0-301F-11D3-BF4B-00C04F79EFBC}") = "SplitterStream", "SplitterStream\SplitterStream.csproj", "{BEB51C12-73AF-444F-BC70-6F0E7F92D68B}"
EndProject
Project("{FAE04EC0-301F-11D3-BF4B-00C04F79EFBC}") = "SplitterStream.NET40", "SplitterStream.NET40\SplitterStream.NET40.csproj", "{06DD5BC9-F132-48F5-9747-66508A7ADB26}"
EndProject
Project("{FAE04EC0-301F-11D3-BF4B-00C04F79EFBC}") = "Test", "Test\Test.csproj", "{DE424BE4-8758-4113-BD30-A10DD9DA4A47}"
EndProject
Global
	GlobalSection(SolutionConfigurationPlatforms) = preSolution
		Debug|Any CPU = Debug|Any CPU
		Release|Any CPU = Release|Any CPU
	EndGlobalSection
	GlobalSection(ProjectConfigurationPlatforms) = postSolution
		{BEB51C12-73AF-444F-BC70-6F0E7F92D68B}.Debug|Any CPU.ActiveCfg = Debug|Any CPU
		{BEB51C12-73AF-444F-BC70-6F0E7F92D68B}.Debug|Any CPU.Build.0 = Debug|Any CPU
		{BEB51C12-73AF-444F-BC70-6F0E7F92D68B}.Release|Any CPU.ActiveCfg = Release|Any CPU
		{BEB51C12-73AF-444F-BC70-6F0E7F92D68B}.Release|Any CPU.Build.0 = Release|Any CPU
		{06DD5BC9-F132-48F5-9747-66508A7ADB26}.Debug|Any CPU.ActiveCfg = Debug|Any CPU
		{06DD5BC9-F132-48F5-9747-66508A7ADB26}.Debug|Any CPU.Build.0 = Debug|Any CPU
		{06DD5BC9-F132-48F5-9747-66508A7ADB26}.Release|Any CPU.ActiveCfg = Release|Any CPU
		{06DD5BC9-F132-48F5-9747-66508A7ADB26}.Release|Any CPU.Build.0 = Release|Any CPU
		{DE424BE4-8758-4113-BD30-A10DD9DA4A47}.Debug|Any CPU.ActiveCfg = Debug|Any CPU
		{DE424BE4-8758-4113-BD30-A10DD9DA4A47}.Debug|Any CPU.Build.0 = Debug|Any CPU
		{DE424BE4-8758-4113-BD30-A10DD9DA4A47}.Release|Any CPU.ActiveCfg = Release|Any CPU
		{DE424BE4-8758-4113-BD30-A10DD9DA4A47}.Release|Any CPU.Build.0 = Release|Any CPU
	EndGlobalSection
	GlobalSection(SolutionProperties) = preSolution
		HideSolutionNode = FALSE
	EndGlobalSection
EndGlobal
